
Microsoft Visual Studio Solution File, Format Version 12.00
# Visual Studio Version 17
VisualStudioVersion = 17.10.35013.160
MinimumVisualStudioVersion = 10.0.40219.1
Project("{8BC9CEB8-8B4A-11D0-8D11-00A0C91BC942}") = "Sandbox", "Sandbox\Sandbox.vcxproj", "{D372FC71-830E-4521-ABA7-CDAF9D55F388}"
EndProject
Project("{8BC9CEB8-8B4A-11D0-8D11-00A0C91BC942}") = "Hoos", "Hoos\Hoos.vcxproj", "{0086737E-A170-4D1B-B7D4-674768C13013}"
EndProject
Global
	GlobalSection(SolutionConfigurationPlatforms) = preSolution
		Debug|x64 = Debug|x64
		Release|x64 = Release|x64
	EndGlobalSection
	GlobalSection(ProjectConfigurationPlatforms) = postSolution
		{0086737E-A170-4D1B-B7D4-674768C13013}.Debug|x64.ActiveCfg = Debug|x64
		{0086737E-A170-4D1B-B7D4-674768C13013}.Debug|x64.Build.0 = Debug|x64
		{0086737E-A170-4D1B-B7D4-674768C13013}.Release|x64.ActiveCfg = Release|x64
		{0086737E-A170-4D1B-B7D4-674768C13013}.Release|x64.Build.0 = Release|x64
		{D372FC71-830E-4521-ABA7-CDAF9D55F388}.Debug|x64.ActiveCfg = Debug|x64
		{D372FC71-830E-4521-ABA7-CDAF9D55F388}.Debug|x64.Build.0 = Debug|x64
		{D372FC71-830E-4521-ABA7-CDAF9D55F388}.Release|x64.ActiveCfg = Release|x64
		{D372FC71-830E-4521-ABA7-CDAF9D55F388}.Release|x64.Build.0 = Release|x64
	EndGlobalSection
	GlobalSection(SolutionProperties) = preSolution
		HideSolutionNode = FALSE
	EndGlobalSection
	GlobalSection(ExtensibilityGlobals) = postSolution
		SolutionGuid = {12015262-39B3-42CB-8B91-7D52DE2D1FF5}
	EndGlobalSection
EndGlobal
